
Microsoft Visual Studio Solution File, Format Version 12.00
# Visual Studio Version 17
VisualStudioVersion = 17.9.34622.214
MinimumVisualStudioVersion = 10.0.40219.1
Project("{9A19103F-16F7-4668-BE54-9A1E7A4F7556}") = "TPW.Prezentacja.View", "TPW\TPW.Prezentacja.View.csproj", "{B486C50D-8E01-4FCC-A857-9BA296D26540}"
EndProject
Project("{9A19103F-16F7-4668-BE54-9A1E7A4F7556}") = "TPW.Dane", "TPW.Dane\TPW.Dane.csproj", "{7D9AC764-17CB-4316-96B1-C28D47DA36A7}"
EndProject
Project("{9A19103F-16F7-4668-BE54-9A1E7A4F7556}") = "TPW.Dane.Tests", "TPW.Dane.Tests\TPW.Dane.Tests.csproj", "{26E9B4F0-330C-4C0A-AC7B-43C1A3A246D7}"
	ProjectSection(ProjectDependencies) = postProject
		{7D9AC764-17CB-4316-96B1-C28D47DA36A7} = {7D9AC764-17CB-4316-96B1-C28D47DA36A7}
	EndProjectSection
EndProject
Project("{9A19103F-16F7-4668-BE54-9A1E7A4F7556}") = "TPW.Logika", "TPW.Logika\TPW.Logika.csproj", "{718D5891-D047-4288-9427-6CE57AA8E0F8}"
EndProject
Project("{9A19103F-16F7-4668-BE54-9A1E7A4F7556}") = "Tpw.Logika.Tests", "Tpw.Logika.Tests\Tpw.Logika.Tests.csproj", "{2ECF9446-6BE8-458C-9273-80C5A5A615E4}"
EndProject
Project("{9A19103F-16F7-4668-BE54-9A1E7A4F7556}") = "TPW.Prezentacja.Model", "TPW.Prezentacja.Model\TPW.Prezentacja.Model.csproj", "{509B0C54-496B-466B-80BB-D8213EE4D94D}"
EndProject
Project("{9A19103F-16F7-4668-BE54-9A1E7A4F7556}") = "TPW.Prezentacja.ViewModel", "TPW.Prezentacja.ViewModel\TPW.Prezentacja.ViewModel.csproj", "{FE88AD0A-2092-4860-AC66-8EC35DE49D49}"
EndProject
Project("{9A19103F-16F7-4668-BE54-9A1E7A4F7556}") = "TPW.Prezentacja.Tests", "TPW.Prezentacja.Tests\TPW.Prezentacja.Tests.csproj", "{E6E8CF06-AF86-4327-A629-BD46BB4345D2}"
EndProject
Global
	GlobalSection(SolutionConfigurationPlatforms) = preSolution
		Debug|Any CPU = Debug|Any CPU
		Debug|ARM = Debug|ARM
		Debug|ARM64 = Debug|ARM64
		Debug|x64 = Debug|x64
		Debug|x86 = Debug|x86
		Release|Any CPU = Release|Any CPU
		Release|ARM = Release|ARM
		Release|ARM64 = Release|ARM64
		Release|x64 = Release|x64
		Release|x86 = Release|x86
	EndGlobalSection
	GlobalSection(ProjectConfigurationPlatforms) = postSolution
		{B486C50D-8E01-4FCC-A857-9BA296D26540}.Debug|Any CPU.ActiveCfg = Debug|Any CPU
		{B486C50D-8E01-4FCC-A857-9BA296D26540}.Debug|Any CPU.Build.0 = Debug|Any CPU
		{B486C50D-8E01-4FCC-A857-9BA296D26540}.Debug|ARM.ActiveCfg = Debug|Any CPU
		{B486C50D-8E01-4FCC-A857-9BA296D26540}.Debug|ARM.Build.0 = Debug|Any CPU
		{B486C50D-8E01-4FCC-A857-9BA296D26540}.Debug|ARM64.ActiveCfg = Debug|Any CPU
		{B486C50D-8E01-4FCC-A857-9BA296D26540}.Debug|ARM64.Build.0 = Debug|Any CPU
		{B486C50D-8E01-4FCC-A857-9BA296D26540}.Debug|x64.ActiveCfg = Debug|Any CPU
		{B486C50D-8E01-4FCC-A857-9BA296D26540}.Debug|x64.Build.0 = Debug|Any CPU
		{B486C50D-8E01-4FCC-A857-9BA296D26540}.Debug|x86.ActiveCfg = Debug|Any CPU
		{B486C50D-8E01-4FCC-A857-9BA296D26540}.Debug|x86.Build.0 = Debug|Any CPU
		{B486C50D-8E01-4FCC-A857-9BA296D26540}.Release|Any CPU.ActiveCfg = Release|Any CPU
		{B486C50D-8E01-4FCC-A857-9BA296D26540}.Release|Any CPU.Build.0 = Release|Any CPU
		{B486C50D-8E01-4FCC-A857-9BA296D26540}.Release|ARM.ActiveCfg = Release|Any CPU
		{B486C50D-8E01-4FCC-A857-9BA296D26540}.Release|ARM.Build.0 = Release|Any CPU
		{B486C50D-8E01-4FCC-A857-9BA296D26540}.Release|ARM64.ActiveCfg = Release|Any CPU
		{B486C50D-8E01-4FCC-A857-9BA296D26540}.Release|ARM64.Build.0 = Release|Any CPU
		{B486C50D-8E01-4FCC-A857-9BA296D26540}.Release|x64.ActiveCfg = Release|Any CPU
		{B486C50D-8E01-4FCC-A857-9BA296D26540}.Release|x64.Build.0 = Release|Any CPU
		{B486C50D-8E01-4FCC-A857-9BA296D26540}.Release|x86.ActiveCfg = Release|Any CPU
		{B486C50D-8E01-4FCC-A857-9BA296D26540}.Release|x86.Build.0 = Release|Any CPU
		{7D9AC764-17CB-4316-96B1-C28D47DA36A7}.Debug|Any CPU.ActiveCfg = Debug|Any CPU
		{7D9AC764-17CB-4316-96B1-C28D47DA36A7}.Debug|Any CPU.Build.0 = Debug|Any CPU
		{7D9AC764-17CB-4316-96B1-C28D47DA36A7}.Debug|ARM.ActiveCfg = Debug|Any CPU
		{7D9AC764-17CB-4316-96B1-C28D47DA36A7}.Debug|ARM.Build.0 = Debug|Any CPU
		{7D9AC764-17CB-4316-96B1-C28D47DA36A7}.Debug|ARM64.ActiveCfg = Debug|Any CPU
		{7D9AC764-17CB-4316-96B1-C28D47DA36A7}.Debug|ARM64.Build.0 = Debug|Any CPU
		{7D9AC764-17CB-4316-96B1-C28D47DA36A7}.Debug|x64.ActiveCfg = Debug|Any CPU
		{7D9AC764-17CB-4316-96B1-C28D47DA36A7}.Debug|x64.Build.0 = Debug|Any CPU
		{7D9AC764-17CB-4316-96B1-C28D47DA36A7}.Debug|x86.ActiveCfg = Debug|Any CPU
		{7D9AC764-17CB-4316-96B1-C28D47DA36A7}.Debug|x86.Build.0 = Debug|Any CPU
		{7D9AC764-17CB-4316-96B1-C28D47DA36A7}.Release|Any CPU.ActiveCfg = Release|Any CPU
		{7D9AC764-17CB-4316-96B1-C28D47DA36A7}.Release|Any CPU.Build.0 = Release|Any CPU
		{7D9AC764-17CB-4316-96B1-C28D47DA36A7}.Release|ARM.ActiveCfg = Release|Any CPU
		{7D9AC764-17CB-4316-96B1-C28D47DA36A7}.Release|ARM.Build.0 = Release|Any CPU
		{7D9AC764-17CB-4316-96B1-C28D47DA36A7}.Release|ARM64.ActiveCfg = Release|Any CPU
		{7D9AC764-17CB-4316-96B1-C28D47DA36A7}.Release|ARM64.Build.0 = Release|Any CPU
		{7D9AC764-17CB-4316-96B1-C28D47DA36A7}.Release|x64.ActiveCfg = Release|Any CPU
		{7D9AC764-17CB-4316-96B1-C28D47DA36A7}.Release|x64.Build.0 = Release|Any CPU
		{7D9AC764-17CB-4316-96B1-C28D47DA36A7}.Release|x86.ActiveCfg = Release|Any CPU
		{7D9AC764-17CB-4316-96B1-C28D47DA36A7}.Release|x86.Build.0 = Release|Any CPU
		{26E9B4F0-330C-4C0A-AC7B-43C1A3A246D7}.Debug|Any CPU.ActiveCfg = Debug|Any CPU
		{26E9B4F0-330C-4C0A-AC7B-43C1A3A246D7}.Debug|Any CPU.Build.0 = Debug|Any CPU
		{26E9B4F0-330C-4C0A-AC7B-43C1A3A246D7}.Debug|ARM.ActiveCfg = Debug|Any CPU
		{26E9B4F0-330C-4C0A-AC7B-43C1A3A246D7}.Debug|ARM.Build.0 = Debug|Any CPU
		{26E9B4F0-330C-4C0A-AC7B-43C1A3A246D7}.Debug|ARM64.ActiveCfg = Debug|Any CPU
		{26E9B4F0-330C-4C0A-AC7B-43C1A3A246D7}.Debug|ARM64.Build.0 = Debug|Any CPU
		{26E9B4F0-330C-4C0A-AC7B-43C1A3A246D7}.Debug|x64.ActiveCfg = Debug|Any CPU
		{26E9B4F0-330C-4C0A-AC7B-43C1A3A246D7}.Debug|x64.Build.0 = Debug|Any CPU
		{26E9B4F0-330C-4C0A-AC7B-43C1A3A246D7}.Debug|x86.ActiveCfg = Debug|Any CPU
		{26E9B4F0-330C-4C0A-AC7B-43C1A3A246D7}.Debug|x86.Build.0 = Debug|Any CPU
		{26E9B4F0-330C-4C0A-AC7B-43C1A3A246D7}.Release|Any CPU.ActiveCfg = Release|Any CPU
		{26E9B4F0-330C-4C0A-AC7B-43C1A3A246D7}.Release|Any CPU.Build.0 = Release|Any CPU
		{26E9B4F0-330C-4C0A-AC7B-43C1A3A246D7}.Release|ARM.ActiveCfg = Release|Any CPU
		{26E9B4F0-330C-4C0A-AC7B-43C1A3A246D7}.Release|ARM.Build.0 = Release|Any CPU
		{26E9B4F0-330C-4C0A-AC7B-43C1A3A246D7}.Release|ARM64.ActiveCfg = Release|Any CPU
		{26E9B4F0-330C-4C0A-AC7B-43C1A3A246D7}.Release|ARM64.Build.0 = Release|Any CPU
		{26E9B4F0-330C-4C0A-AC7B-43C1A3A246D7}.Release|x64.ActiveCfg = Release|Any CPU
		{26E9B4F0-330C-4C0A-AC7B-43C1A3A246D7}.Release|x64.Build.0 = Release|Any CPU
		{26E9B4F0-330C-4C0A-AC7B-43C1A3A246D7}.Release|x86.ActiveCfg = Release|Any CPU
		{26E9B4F0-330C-4C0A-AC7B-43C1A3A246D7}.Release|x86.Build.0 = Release|Any CPU
		{718D5891-D047-4288-9427-6CE57AA8E0F8}.Debug|Any CPU.ActiveCfg = Debug|Any CPU
		{718D5891-D047-4288-9427-6CE57AA8E0F8}.Debug|Any CPU.Build.0 = Debug|Any CPU
		{718D5891-D047-4288-9427-6CE57AA8E0F8}.Debug|ARM.ActiveCfg = Debug|Any CPU
		{718D5891-D047-4288-9427-6CE57AA8E0F8}.Debug|ARM.Build.0 = Debug|Any CPU
		{718D5891-D047-4288-9427-6CE57AA8E0F8}.Debug|ARM64.ActiveCfg = Debug|Any CPU
		{718D5891-D047-4288-9427-6CE57AA8E0F8}.Debug|ARM64.Build.0 = Debug|Any CPU
		{718D5891-D047-4288-9427-6CE57AA8E0F8}.Debug|x64.ActiveCfg = Debug|Any CPU
		{718D5891-D047-4288-9427-6CE57AA8E0F8}.Debug|x64.Build.0 = Debug|Any CPU
		{718D5891-D047-4288-9427-6CE57AA8E0F8}.Debug|x86.ActiveCfg = Debug|Any CPU
		{718D5891-D047-4288-9427-6CE57AA8E0F8}.Debug|x86.Build.0 = Debug|Any CPU
		{718D5891-D047-4288-9427-6CE57AA8E0F8}.Release|Any CPU.ActiveCfg = Release|Any CPU
		{718D5891-D047-4288-9427-6CE57AA8E0F8}.Release|Any CPU.Build.0 = Release|Any CPU
		{718D5891-D047-4288-9427-6CE57AA8E0F8}.Release|ARM.ActiveCfg = Release|Any CPU
		{718D5891-D047-4288-9427-6CE57AA8E0F8}.Release|ARM.Build.0 = Release|Any CPU
		{718D5891-D047-4288-9427-6CE57AA8E0F8}.Release|ARM64.ActiveCfg = Release|Any CPU
		{718D5891-D047-4288-9427-6CE57AA8E0F8}.Release|ARM64.Build.0 = Release|Any CPU
		{718D5891-D047-4288-9427-6CE57AA8E0F8}.Release|x64.ActiveCfg = Release|Any CPU
		{718D5891-D047-4288-9427-6CE57AA8E0F8}.Release|x64.Build.0 = Release|Any CPU
		{718D5891-D047-4288-9427-6CE57AA8E0F8}.Release|x86.ActiveCfg = Release|Any CPU
		{718D5891-D047-4288-9427-6CE57AA8E0F8}.Release|x86.Build.0 = Release|Any CPU
		{2ECF9446-6BE8-458C-9273-80C5A5A615E4}.Debug|Any CPU.ActiveCfg = Debug|Any CPU
		{2ECF9446-6BE8-458C-9273-80C5A5A615E4}.Debug|Any CPU.Build.0 = Debug|Any CPU
		{2ECF9446-6BE8-458C-9273-80C5A5A615E4}.Debug|ARM.ActiveCfg = Debug|Any CPU
		{2ECF9446-6BE8-458C-9273-80C5A5A615E4}.Debug|ARM.Build.0 = Debug|Any CPU
		{2ECF9446-6BE8-458C-9273-80C5A5A615E4}.Debug|ARM64.ActiveCfg = Debug|Any CPU
		{2ECF9446-6BE8-458C-9273-80C5A5A615E4}.Debug|ARM64.Build.0 = Debug|Any CPU
		{2ECF9446-6BE8-458C-9273-80C5A5A615E4}.Debug|x64.ActiveCfg = Debug|Any CPU
		{2ECF9446-6BE8-458C-9273-80C5A5A615E4}.Debug|x64.Build.0 = Debug|Any CPU
		{2ECF9446-6BE8-458C-9273-80C5A5A615E4}.Debug|x86.ActiveCfg = Debug|Any CPU
		{2ECF9446-6BE8-458C-9273-80C5A5A615E4}.Debug|x86.Build.0 = Debug|Any CPU
		{2ECF9446-6BE8-458C-9273-80C5A5A615E4}.Release|Any CPU.ActiveCfg = Release|Any CPU
		{2ECF9446-6BE8-458C-9273-80C5A5A615E4}.Release|Any CPU.Build.0 = Release|Any CPU
		{2ECF9446-6BE8-458C-9273-80C5A5A615E4}.Release|ARM.ActiveCfg = Release|Any CPU
		{2ECF9446-6BE8-458C-9273-80C5A5A615E4}.Release|ARM.Build.0 = Release|Any CPU
		{2ECF9446-6BE8-458C-9273-80C5A5A615E4}.Release|ARM64.ActiveCfg = Release|Any CPU
		{2ECF9446-6BE8-458C-9273-80C5A5A615E4}.Release|ARM64.Build.0 = Release|Any CPU
		{2ECF9446-6BE8-458C-9273-80C5A5A615E4}.Release|x64.ActiveCfg = Release|Any CPU
		{2ECF9446-6BE8-458C-9273-80C5A5A615E4}.Release|x64.Build.0 = Release|Any CPU
		{2ECF9446-6BE8-458C-9273-80C5A5A615E4}.Release|x86.ActiveCfg = Release|Any CPU
		{2ECF9446-6BE8-458C-9273-80C5A5A615E4}.Release|x86.Build.0 = Release|Any CPU
		{509B0C54-496B-466B-80BB-D8213EE4D94D}.Debug|Any CPU.ActiveCfg = Debug|Any CPU
		{509B0C54-496B-466B-80BB-D8213EE4D94D}.Debug|Any CPU.Build.0 = Debug|Any CPU
		{509B0C54-496B-466B-80BB-D8213EE4D94D}.Debug|ARM.ActiveCfg = Debug|Any CPU
		{509B0C54-496B-466B-80BB-D8213EE4D94D}.Debug|ARM.Build.0 = Debug|Any CPU
		{509B0C54-496B-466B-80BB-D8213EE4D94D}.Debug|ARM64.ActiveCfg = Debug|Any CPU
		{509B0C54-496B-466B-80BB-D8213EE4D94D}.Debug|ARM64.Build.0 = Debug|Any CPU
		{509B0C54-496B-466B-80BB-D8213EE4D94D}.Debug|x64.ActiveCfg = Debug|Any CPU
		{509B0C54-496B-466B-80BB-D8213EE4D94D}.Debug|x64.Build.0 = Debug|Any CPU
		{509B0C54-496B-466B-80BB-D8213EE4D94D}.Debug|x86.ActiveCfg = Debug|Any CPU
		{509B0C54-496B-466B-80BB-D8213EE4D94D}.Debug|x86.Build.0 = Debug|Any CPU
		{509B0C54-496B-466B-80BB-D8213EE4D94D}.Release|Any CPU.ActiveCfg = Release|Any CPU
		{509B0C54-496B-466B-80BB-D8213EE4D94D}.Release|Any CPU.Build.0 = Release|Any CPU
		{509B0C54-496B-466B-80BB-D8213EE4D94D}.Release|ARM.ActiveCfg = Release|Any CPU
		{509B0C54-496B-466B-80BB-D8213EE4D94D}.Release|ARM.Build.0 = Release|Any CPU
		{509B0C54-496B-466B-80BB-D8213EE4D94D}.Release|ARM64.ActiveCfg = Release|Any CPU
		{509B0C54-496B-466B-80BB-D8213EE4D94D}.Release|ARM64.Build.0 = Release|Any CPU
		{509B0C54-496B-466B-80BB-D8213EE4D94D}.Release|x64.ActiveCfg = Release|Any CPU
		{509B0C54-496B-466B-80BB-D8213EE4D94D}.Release|x64.Build.0 = Release|Any CPU
		{509B0C54-496B-466B-80BB-D8213EE4D94D}.Release|x86.ActiveCfg = Release|Any CPU
		{509B0C54-496B-466B-80BB-D8213EE4D94D}.Release|x86.Build.0 = Release|Any CPU
		{FE88AD0A-2092-4860-AC66-8EC35DE49D49}.Debug|Any CPU.ActiveCfg = Debug|Any CPU
		{FE88AD0A-2092-4860-AC66-8EC35DE49D49}.Debug|Any CPU.Build.0 = Debug|Any CPU
		{FE88AD0A-2092-4860-AC66-8EC35DE49D49}.Debug|ARM.ActiveCfg = Debug|Any CPU
		{FE88AD0A-2092-4860-AC66-8EC35DE49D49}.Debug|ARM.Build.0 = Debug|Any CPU
		{FE88AD0A-2092-4860-AC66-8EC35DE49D49}.Debug|ARM64.ActiveCfg = Debug|Any CPU
		{FE88AD0A-2092-4860-AC66-8EC35DE49D49}.Debug|ARM64.Build.0 = Debug|Any CPU
		{FE88AD0A-2092-4860-AC66-8EC35DE49D49}.Debug|x64.ActiveCfg = Debug|Any CPU
		{FE88AD0A-2092-4860-AC66-8EC35DE49D49}.Debug|x64.Build.0 = Debug|Any CPU
		{FE88AD0A-2092-4860-AC66-8EC35DE49D49}.Debug|x86.ActiveCfg = Debug|Any CPU
		{FE88AD0A-2092-4860-AC66-8EC35DE49D49}.Debug|x86.Build.0 = Debug|Any CPU
		{FE88AD0A-2092-4860-AC66-8EC35DE49D49}.Release|Any CPU.ActiveCfg = Release|Any CPU
		{FE88AD0A-2092-4860-AC66-8EC35DE49D49}.Release|Any CPU.Build.0 = Release|Any CPU
		{FE88AD0A-2092-4860-AC66-8EC35DE49D49}.Release|ARM.ActiveCfg = Release|Any CPU
		{FE88AD0A-2092-4860-AC66-8EC35DE49D49}.Release|ARM.Build.0 = Release|Any CPU
		{FE88AD0A-2092-4860-AC66-8EC35DE49D49}.Release|ARM64.ActiveCfg = Release|Any CPU
		{FE88AD0A-2092-4860-AC66-8EC35DE49D49}.Release|ARM64.Build.0 = Release|Any CPU
		{FE88AD0A-2092-4860-AC66-8EC35DE49D49}.Release|x64.ActiveCfg = Release|Any CPU
		{FE88AD0A-2092-4860-AC66-8EC35DE49D49}.Release|x64.Build.0 = Release|Any CPU
		{FE88AD0A-2092-4860-AC66-8EC35DE49D49}.Release|x86.ActiveCfg = Release|Any CPU
		{FE88AD0A-2092-4860-AC66-8EC35DE49D49}.Release|x86.Build.0 = Release|Any CPU
		{E6E8CF06-AF86-4327-A629-BD46BB4345D2}.Debug|Any CPU.ActiveCfg = Debug|Any CPU
		{E6E8CF06-AF86-4327-A629-BD46BB4345D2}.Debug|Any CPU.Build.0 = Debug|Any CPU
		{E6E8CF06-AF86-4327-A629-BD46BB4345D2}.Debug|ARM.ActiveCfg = Debug|Any CPU
		{E6E8CF06-AF86-4327-A629-BD46BB4345D2}.Debug|ARM.Build.0 = Debug|Any CPU
		{E6E8CF06-AF86-4327-A629-BD46BB4345D2}.Debug|ARM64.ActiveCfg = Debug|Any CPU
		{E6E8CF06-AF86-4327-A629-BD46BB4345D2}.Debug|ARM64.Build.0 = Debug|Any CPU
		{E6E8CF06-AF86-4327-A629-BD46BB4345D2}.Debug|x64.ActiveCfg = Debug|Any CPU
		{E6E8CF06-AF86-4327-A629-BD46BB4345D2}.Debug|x64.Build.0 = Debug|Any CPU
		{E6E8CF06-AF86-4327-A629-BD46BB4345D2}.Debug|x86.ActiveCfg = Debug|Any CPU
		{E6E8CF06-AF86-4327-A629-BD46BB4345D2}.Debug|x86.Build.0 = Debug|Any CPU
		{E6E8CF06-AF86-4327-A629-BD46BB4345D2}.Release|Any CPU.ActiveCfg = Release|Any CPU
		{E6E8CF06-AF86-4327-A629-BD46BB4345D2}.Release|Any CPU.Build.0 = Release|Any CPU
		{E6E8CF06-AF86-4327-A629-BD46BB4345D2}.Release|ARM.ActiveCfg = Release|Any CPU
		{E6E8CF06-AF86-4327-A629-BD46BB4345D2}.Release|ARM.Build.0 = Release|Any CPU
		{E6E8CF06-AF86-4327-A629-BD46BB4345D2}.Release|ARM64.ActiveCfg = Release|Any CPU
		{E6E8CF06-AF86-4327-A629-BD46BB4345D2}.Release|ARM64.Build.0 = Release|Any CPU
		{E6E8CF06-AF86-4327-A629-BD46BB4345D2}.Release|x64.ActiveCfg = Release|Any CPU
		{E6E8CF06-AF86-4327-A629-BD46BB4345D2}.Release|x64.Build.0 = Release|Any CPU
		{E6E8CF06-AF86-4327-A629-BD46BB4345D2}.Release|x86.ActiveCfg = Release|Any CPU
		{E6E8CF06-AF86-4327-A629-BD46BB4345D2}.Release|x86.Build.0 = Release|Any CPU
	EndGlobalSection
	GlobalSection(SolutionProperties) = preSolution
		HideSolutionNode = FALSE
	EndGlobalSection
	GlobalSection(ExtensibilityGlobals) = postSolution
		SolutionGuid = {B3648A10-032C-4386-9F3B-4F50D4F47D65}
	EndGlobalSection
EndGlobal
