
Microsoft Visual Studio Solution File, Format Version 12.00
# Visual Studio Version 17
VisualStudioVersion = 17.9.34701.34
MinimumVisualStudioVersion = 10.0.40219.1
Project("{9A19103F-16F7-4668-BE54-9A1E7A4F7556}") = "hello_world", "hello_world\hello_world.csproj", "{393F4BFD-273F-441B-B577-86014D3A18DC}"
EndProject
Project("{FAE04EC0-301F-11D3-BF4B-00C04F79EFBC}") = "test", "test\test.csproj", "{B78E04EC-1710-4207-89FC-3F1DD0FB2DC6}"
EndProject
Global
	GlobalSection(SolutionConfigurationPlatforms) = preSolution
		Debug|Any CPU = Debug|Any CPU
		Release|Any CPU = Release|Any CPU
	EndGlobalSection
	GlobalSection(ProjectConfigurationPlatforms) = postSolution
		{393F4BFD-273F-441B-B577-86014D3A18DC}.Debug|Any CPU.ActiveCfg = Debug|Any CPU
		{393F4BFD-273F-441B-B577-86014D3A18DC}.Debug|Any CPU.Build.0 = Debug|Any CPU
		{393F4BFD-273F-441B-B577-86014D3A18DC}.Release|Any CPU.ActiveCfg = Release|Any CPU
		{393F4BFD-273F-441B-B577-86014D3A18DC}.Release|Any CPU.Build.0 = Release|Any CPU
		{B78E04EC-1710-4207-89FC-3F1DD0FB2DC6}.Debug|Any CPU.ActiveCfg = Debug|Any CPU
		{B78E04EC-1710-4207-89FC-3F1DD0FB2DC6}.Debug|Any CPU.Build.0 = Debug|Any CPU
		{B78E04EC-1710-4207-89FC-3F1DD0FB2DC6}.Release|Any CPU.ActiveCfg = Release|Any CPU
		{B78E04EC-1710-4207-89FC-3F1DD0FB2DC6}.Release|Any CPU.Build.0 = Release|Any CPU
	EndGlobalSection
	GlobalSection(SolutionProperties) = preSolution
		HideSolutionNode = FALSE
	EndGlobalSection
	GlobalSection(ExtensibilityGlobals) = postSolution
		SolutionGuid = {299CC698-5495-4E40-84A3-2131531BB13C}
	EndGlobalSection
EndGlobal
