
Microsoft Visual Studio Solution File, Format Version 12.00
# Visual Studio Version 17
VisualStudioVersion = 17.9.34701.34
MinimumVisualStudioVersion = 10.0.40219.1
Project("{FAE04EC0-301F-11D3-BF4B-00C04F79EFBC}") = "hello_world", "hello_world\hello_world.csproj", "{1728F1F7-F888-4787-AB64-7899CF115A71}"
EndProject
Project("{FAE04EC0-301F-11D3-BF4B-00C04F79EFBC}") = "test", "test\test.csproj", "{86B6A874-52ED-4A80-8846-68F2E8C6E1A6}"
	ProjectSection(ProjectDependencies) = postProject
		{1728F1F7-F888-4787-AB64-7899CF115A71} = {1728F1F7-F888-4787-AB64-7899CF115A71}
	EndProjectSection
EndProject
Global
	GlobalSection(SolutionConfigurationPlatforms) = preSolution
		Debug|Any CPU = Debug|Any CPU
		Release|Any CPU = Release|Any CPU
	EndGlobalSection
	GlobalSection(ProjectConfigurationPlatforms) = postSolution
		{1728F1F7-F888-4787-AB64-7899CF115A71}.Debug|Any CPU.ActiveCfg = Debug|Any CPU
		{1728F1F7-F888-4787-AB64-7899CF115A71}.Debug|Any CPU.Build.0 = Debug|Any CPU
		{1728F1F7-F888-4787-AB64-7899CF115A71}.Release|Any CPU.ActiveCfg = Release|Any CPU
		{1728F1F7-F888-4787-AB64-7899CF115A71}.Release|Any CPU.Build.0 = Release|Any CPU
		{86B6A874-52ED-4A80-8846-68F2E8C6E1A6}.Debug|Any CPU.ActiveCfg = Debug|Any CPU
		{86B6A874-52ED-4A80-8846-68F2E8C6E1A6}.Debug|Any CPU.Build.0 = Debug|Any CPU
		{86B6A874-52ED-4A80-8846-68F2E8C6E1A6}.Release|Any CPU.ActiveCfg = Release|Any CPU
		{86B6A874-52ED-4A80-8846-68F2E8C6E1A6}.Release|Any CPU.Build.0 = Release|Any CPU
	EndGlobalSection
	GlobalSection(SolutionProperties) = preSolution
		HideSolutionNode = FALSE
	EndGlobalSection
	GlobalSection(ExtensibilityGlobals) = postSolution
		SolutionGuid = {A328FF8C-FEBE-46C3-9A43-053F226BC0B3}
	EndGlobalSection
EndGlobal
